
Microsoft Visual Studio Solution File, Format Version 12.00
Project("{2150E333-8FDC-42A3-9474-1A3956D46DE8}") = "Solution Items", "Solution Items", "{BACEF999-22D9-46FB-86ED-D95B5FB5A0B6}"
	ProjectSection(SolutionItems) = preProject
		global.json = global.json
		README.md = README.md
		Architect.jpg = Architect.jpg
		src\docker-compose.yml = src\docker-compose.yml
		src\docker-compose.override.yml = src\docker-compose.override.yml
		Architecture_updated.png = Architecture_updated.png
		api-gateway_routing_list.png = api-gateway_routing_list.png
	EndProjectSection
EndProject
Project("{2150E333-8FDC-42A3-9474-1A3956D46DE8}") = "src", "src", "{EADF2EEF-097A-4ED6-9C83-143BCF0CDD18}"
EndProject
Project("{2150E333-8FDC-42A3-9474-1A3956D46DE8}") = "tests", "tests", "{5695844D-8AB5-4EA0-8011-708EE3298E2E}"
EndProject
Project("{2150E333-8FDC-42A3-9474-1A3956D46DE8}") = "ApiGateways", "ApiGateways", "{04388E9F-D5CE-47AA-8F97-966C5A607B89}"
EndProject
Project("{2150E333-8FDC-42A3-9474-1A3956D46DE8}") = "BuildingBlocks", "BuildingBlocks", "{A0A20D5E-A57D-4128-A311-E42D5CA59CA7}"
EndProject
Project("{2150E333-8FDC-42A3-9474-1A3956D46DE8}") = "Services", "Services", "{35584B62-8ECD-43A9-83AA-E5962A2F8428}"
EndProject
Project("{2150E333-8FDC-42A3-9474-1A3956D46DE8}") = "WebApps", "WebApps", "{7E7F1FE3-A7F6-4E93-AD66-4DF03F84D513}"
EndProject
Project("{FAE04EC0-301F-11D3-BF4B-00C04F79EFBC}") = "Common.Logging", "src\BuildingBlocks\Common.Logging\Common.Logging.csproj", "{4586C9DE-2F32-4699-9EEB-30C76B4187A2}"
EndProject
Project("{2150E333-8FDC-42A3-9474-1A3956D46DE8}") = "Basket", "Basket", "{FA075EA7-7B23-4209-85A7-6587C1B16D3E}"
EndProject
Project("{2150E333-8FDC-42A3-9474-1A3956D46DE8}") = "Customer", "Customer", "{E76F8C53-AABE-4E60-97FB-0DFE1DEDCE7B}"
EndProject
Project("{2150E333-8FDC-42A3-9474-1A3956D46DE8}") = "Inventory", "Inventory", "{BD587BDA-024F-4012-AFAF-22C13E15E887}"
EndProject
Project("{2150E333-8FDC-42A3-9474-1A3956D46DE8}") = "Ordering", "Ordering", "{A541A7F7-199B-4111-AB75-C7B441CA495C}"
EndProject
Project("{2150E333-8FDC-42A3-9474-1A3956D46DE8}") = "Product", "Product", "{10B4C787-6A1E-4493-8772-13CD966A857C}"
EndProject
Project("{2150E333-8FDC-42A3-9474-1A3956D46DE8}") = "ScheduledJob", "ScheduledJob", "{1D221ED4-3CB5-4745-960F-F14067A5B530}"
EndProject
Project("{FAE04EC0-301F-11D3-BF4B-00C04F79EFBC}") = "WebHealthStatus", "src\WebApps\WebHealthStatus\WebHealthStatus.csproj", "{91A88E30-5B0C-448D-B0D4-9615DEBD23C5}"
EndProject
Project("{FAE04EC0-301F-11D3-BF4B-00C04F79EFBC}") = "Basket.API", "src\Services\Basket.API\Basket.API.csproj", "{9FBB1E37-369B-4D81-A0DB-13BFB91DD7D4}"
EndProject
Project("{FAE04EC0-301F-11D3-BF4B-00C04F79EFBC}") = "Customer.API", "src\Services\Customer.API\Customer.API.csproj", "{ED8D1320-907C-4C14-9E3E-C1547E5FAB7B}"
EndProject
Project("{FAE04EC0-301F-11D3-BF4B-00C04F79EFBC}") = "Product.API", "src\Services\Product.API\Product.API.csproj", "{BD822CC6-208A-4287-B6E1-E4E38FE77FF5}"
EndProject
Project("{FAE04EC0-301F-11D3-BF4B-00C04F79EFBC}") = "Hangfire.API", "src\Services\Hangfire.API\Hangfire.API.csproj", "{167DF9E8-4D17-4EC3-87EF-C3A40E188F72}"
EndProject
Project("{FAE04EC0-301F-11D3-BF4B-00C04F79EFBC}") = "Contracts", "src\BuildingBlocks\Contracts\Contracts.csproj", "{36F24259-86FF-4097-9DAA-A416E715D2B6}"
EndProject
Project("{FAE04EC0-301F-11D3-BF4B-00C04F79EFBC}") = "Infrastructure", "src\BuildingBlocks\Infrastructure\Infrastructure.csproj", "{FF9C8F8A-FD0B-449F-85EA-A6DF44BD78DE}"
EndProject
Project("{FAE04EC0-301F-11D3-BF4B-00C04F79EFBC}") = "Shared", "src\BuildingBlocks\Shared\Shared.csproj", "{6CC0301A-50FE-4951-808E-5AF11AAB39EE}"
EndProject
Project("{FAE04EC0-301F-11D3-BF4B-00C04F79EFBC}") = "OcelotApiGw", "src\ApiGateways\OcelotApiGw\OcelotApiGw.csproj", "{40AEBDE4-7EB6-47B9-B900-7D34C3BD16E1}"
EndProject
Project("{FAE04EC0-301F-11D3-BF4B-00C04F79EFBC}") = "Ordering.API", "src\Services\Ordering\Ordering.API\Ordering.API.csproj", "{7B46BD4C-6423-4DD4-913E-DF384DAACB5D}"
EndProject
Project("{FAE04EC0-301F-11D3-BF4B-00C04F79EFBC}") = "Ordering.Application", "src\Services\Ordering\Ordering.Application\Ordering.Application.csproj", "{318FB0A6-E65B-4349-AEE4-D1D2EA872407}"
EndProject
Project("{FAE04EC0-301F-11D3-BF4B-00C04F79EFBC}") = "Ordering.Domain", "src\Services\Ordering\Ordering.Domain\Ordering.Domain.csproj", "{D805E8C9-39A3-43DF-AA31-D949B05BD5BD}"
EndProject
Project("{FAE04EC0-301F-11D3-BF4B-00C04F79EFBC}") = "Ordering.Infrastructure", "src\Services\Ordering\Ordering.Infrastructure\Ordering.Infrastructure.csproj", "{EBF9A39D-F838-4E41-AF50-FD1B0463D7DF}"
EndProject
Project("{2150E333-8FDC-42A3-9474-1A3956D46DE8}") = "EventBus", "EventBus", "{4686462A-108A-430B-B52C-1EC2F7E8AFCB}"
EndProject
Project("{FAE04EC0-301F-11D3-BF4B-00C04F79EFBC}") = "EventBus.Messages", "src\BuildingBlocks\EventBus\EventBus.Messages\EventBus.Messages.csproj", "{FBFC9A29-B6B8-4F23-BF23-A10FC42228CD}"
EndProject
Project("{FAE04EC0-301F-11D3-BF4B-00C04F79EFBC}") = "Ordering.Subscriber", "src\Services\Ordering\Ordering.Subscriber\Ordering.Subscriber.csproj", "{2A586A2F-FE81-48A6-957A-1C5BA30E9158}"
EndProject
Project("{FAE04EC0-301F-11D3-BF4B-00C04F79EFBC}") = "Inventory.Product.API", "src\Services\Inventory\Inventory.Product.API\Inventory.Product.API.csproj", "{FAB4930E-09E2-4EF5-A2C8-1069C64A073C}"
EndProject
Project("{FAE04EC0-301F-11D3-BF4B-00C04F79EFBC}") = "Inventory.Grpc", "src\Services\Inventory\Inventory.Grpc\Inventory.Grpc.csproj", "{144BA77F-461B-4470-8B08-942DE37D15B0}"
EndProject
Project("{2150E333-8FDC-42A3-9474-1A3956D46DE8}") = "Saga.Orchestrator", "Saga.Orchestrator", "{6ED168A7-7959-4FA5-B0BC-F01566165820}"
EndProject
Project("{FAE04EC0-301F-11D3-BF4B-00C04F79EFBC}") = "Saga.Orchestrator", "src\Saga.Orchestrator\Saga.Orchestrator\Saga.Orchestrator.csproj", "{D25F8D92-39CF-4C8E-8239-18D5F41B9A1B}"
EndProject
Global
	GlobalSection(SolutionConfigurationPlatforms) = preSolution
		Debug|Any CPU = Debug|Any CPU
		Release|Any CPU = Release|Any CPU
	EndGlobalSection
	GlobalSection(NestedProjects) = preSolution
		{04388E9F-D5CE-47AA-8F97-966C5A607B89} = {EADF2EEF-097A-4ED6-9C83-143BCF0CDD18}
		{A0A20D5E-A57D-4128-A311-E42D5CA59CA7} = {EADF2EEF-097A-4ED6-9C83-143BCF0CDD18}
		{35584B62-8ECD-43A9-83AA-E5962A2F8428} = {EADF2EEF-097A-4ED6-9C83-143BCF0CDD18}
		{7E7F1FE3-A7F6-4E93-AD66-4DF03F84D513} = {EADF2EEF-097A-4ED6-9C83-143BCF0CDD18}
		{4586C9DE-2F32-4699-9EEB-30C76B4187A2} = {A0A20D5E-A57D-4128-A311-E42D5CA59CA7}
		{FA075EA7-7B23-4209-85A7-6587C1B16D3E} = {35584B62-8ECD-43A9-83AA-E5962A2F8428}
		{E76F8C53-AABE-4E60-97FB-0DFE1DEDCE7B} = {35584B62-8ECD-43A9-83AA-E5962A2F8428}
		{BD587BDA-024F-4012-AFAF-22C13E15E887} = {35584B62-8ECD-43A9-83AA-E5962A2F8428}
		{A541A7F7-199B-4111-AB75-C7B441CA495C} = {35584B62-8ECD-43A9-83AA-E5962A2F8428}
		{10B4C787-6A1E-4493-8772-13CD966A857C} = {35584B62-8ECD-43A9-83AA-E5962A2F8428}
		{1D221ED4-3CB5-4745-960F-F14067A5B530} = {35584B62-8ECD-43A9-83AA-E5962A2F8428}
		{91A88E30-5B0C-448D-B0D4-9615DEBD23C5} = {7E7F1FE3-A7F6-4E93-AD66-4DF03F84D513}
		{9FBB1E37-369B-4D81-A0DB-13BFB91DD7D4} = {FA075EA7-7B23-4209-85A7-6587C1B16D3E}
		{ED8D1320-907C-4C14-9E3E-C1547E5FAB7B} = {E76F8C53-AABE-4E60-97FB-0DFE1DEDCE7B}
		{BD822CC6-208A-4287-B6E1-E4E38FE77FF5} = {10B4C787-6A1E-4493-8772-13CD966A857C}
		{167DF9E8-4D17-4EC3-87EF-C3A40E188F72} = {1D221ED4-3CB5-4745-960F-F14067A5B530}
		{36F24259-86FF-4097-9DAA-A416E715D2B6} = {A0A20D5E-A57D-4128-A311-E42D5CA59CA7}
		{FF9C8F8A-FD0B-449F-85EA-A6DF44BD78DE} = {A0A20D5E-A57D-4128-A311-E42D5CA59CA7}
		{6CC0301A-50FE-4951-808E-5AF11AAB39EE} = {A0A20D5E-A57D-4128-A311-E42D5CA59CA7}
		{40AEBDE4-7EB6-47B9-B900-7D34C3BD16E1} = {04388E9F-D5CE-47AA-8F97-966C5A607B89}
		{7B46BD4C-6423-4DD4-913E-DF384DAACB5D} = {A541A7F7-199B-4111-AB75-C7B441CA495C}
		{318FB0A6-E65B-4349-AEE4-D1D2EA872407} = {A541A7F7-199B-4111-AB75-C7B441CA495C}
		{D805E8C9-39A3-43DF-AA31-D949B05BD5BD} = {A541A7F7-199B-4111-AB75-C7B441CA495C}
		{EBF9A39D-F838-4E41-AF50-FD1B0463D7DF} = {A541A7F7-199B-4111-AB75-C7B441CA495C}
		{4686462A-108A-430B-B52C-1EC2F7E8AFCB} = {A0A20D5E-A57D-4128-A311-E42D5CA59CA7}
		{FBFC9A29-B6B8-4F23-BF23-A10FC42228CD} = {4686462A-108A-430B-B52C-1EC2F7E8AFCB}
		{2A586A2F-FE81-48A6-957A-1C5BA30E9158} = {A541A7F7-199B-4111-AB75-C7B441CA495C}
		{FAB4930E-09E2-4EF5-A2C8-1069C64A073C} = {BD587BDA-024F-4012-AFAF-22C13E15E887}
		{144BA77F-461B-4470-8B08-942DE37D15B0} = {BD587BDA-024F-4012-AFAF-22C13E15E887}
		{6ED168A7-7959-4FA5-B0BC-F01566165820} = {EADF2EEF-097A-4ED6-9C83-143BCF0CDD18}
		{D25F8D92-39CF-4C8E-8239-18D5F41B9A1B} = {6ED168A7-7959-4FA5-B0BC-F01566165820}
	EndGlobalSection
	GlobalSection(ProjectConfigurationPlatforms) = postSolution
		{4586C9DE-2F32-4699-9EEB-30C76B4187A2}.Debug|Any CPU.ActiveCfg = Debug|Any CPU
		{4586C9DE-2F32-4699-9EEB-30C76B4187A2}.Debug|Any CPU.Build.0 = Debug|Any CPU
		{4586C9DE-2F32-4699-9EEB-30C76B4187A2}.Release|Any CPU.ActiveCfg = Release|Any CPU
		{4586C9DE-2F32-4699-9EEB-30C76B4187A2}.Release|Any CPU.Build.0 = Release|Any CPU
		{91A88E30-5B0C-448D-B0D4-9615DEBD23C5}.Debug|Any CPU.ActiveCfg = Debug|Any CPU
		{91A88E30-5B0C-448D-B0D4-9615DEBD23C5}.Debug|Any CPU.Build.0 = Debug|Any CPU
		{91A88E30-5B0C-448D-B0D4-9615DEBD23C5}.Release|Any CPU.ActiveCfg = Release|Any CPU
		{91A88E30-5B0C-448D-B0D4-9615DEBD23C5}.Release|Any CPU.Build.0 = Release|Any CPU
		{9FBB1E37-369B-4D81-A0DB-13BFB91DD7D4}.Debug|Any CPU.ActiveCfg = Debug|Any CPU
		{9FBB1E37-369B-4D81-A0DB-13BFB91DD7D4}.Debug|Any CPU.Build.0 = Debug|Any CPU
		{9FBB1E37-369B-4D81-A0DB-13BFB91DD7D4}.Release|Any CPU.ActiveCfg = Release|Any CPU
		{9FBB1E37-369B-4D81-A0DB-13BFB91DD7D4}.Release|Any CPU.Build.0 = Release|Any CPU
		{ED8D1320-907C-4C14-9E3E-C1547E5FAB7B}.Debug|Any CPU.ActiveCfg = Debug|Any CPU
		{ED8D1320-907C-4C14-9E3E-C1547E5FAB7B}.Debug|Any CPU.Build.0 = Debug|Any CPU
		{ED8D1320-907C-4C14-9E3E-C1547E5FAB7B}.Release|Any CPU.ActiveCfg = Release|Any CPU
		{ED8D1320-907C-4C14-9E3E-C1547E5FAB7B}.Release|Any CPU.Build.0 = Release|Any CPU
		{BD822CC6-208A-4287-B6E1-E4E38FE77FF5}.Debug|Any CPU.ActiveCfg = Debug|Any CPU
		{BD822CC6-208A-4287-B6E1-E4E38FE77FF5}.Debug|Any CPU.Build.0 = Debug|Any CPU
		{BD822CC6-208A-4287-B6E1-E4E38FE77FF5}.Release|Any CPU.ActiveCfg = Release|Any CPU
		{BD822CC6-208A-4287-B6E1-E4E38FE77FF5}.Release|Any CPU.Build.0 = Release|Any CPU
		{167DF9E8-4D17-4EC3-87EF-C3A40E188F72}.Debug|Any CPU.ActiveCfg = Debug|Any CPU
		{167DF9E8-4D17-4EC3-87EF-C3A40E188F72}.Debug|Any CPU.Build.0 = Debug|Any CPU
		{167DF9E8-4D17-4EC3-87EF-C3A40E188F72}.Release|Any CPU.ActiveCfg = Release|Any CPU
		{167DF9E8-4D17-4EC3-87EF-C3A40E188F72}.Release|Any CPU.Build.0 = Release|Any CPU
		{36F24259-86FF-4097-9DAA-A416E715D2B6}.Debug|Any CPU.ActiveCfg = Debug|Any CPU
		{36F24259-86FF-4097-9DAA-A416E715D2B6}.Debug|Any CPU.Build.0 = Debug|Any CPU
		{36F24259-86FF-4097-9DAA-A416E715D2B6}.Release|Any CPU.ActiveCfg = Release|Any CPU
		{36F24259-86FF-4097-9DAA-A416E715D2B6}.Release|Any CPU.Build.0 = Release|Any CPU
		{FF9C8F8A-FD0B-449F-85EA-A6DF44BD78DE}.Debug|Any CPU.ActiveCfg = Debug|Any CPU
		{FF9C8F8A-FD0B-449F-85EA-A6DF44BD78DE}.Debug|Any CPU.Build.0 = Debug|Any CPU
		{FF9C8F8A-FD0B-449F-85EA-A6DF44BD78DE}.Release|Any CPU.ActiveCfg = Release|Any CPU
		{FF9C8F8A-FD0B-449F-85EA-A6DF44BD78DE}.Release|Any CPU.Build.0 = Release|Any CPU
		{6CC0301A-50FE-4951-808E-5AF11AAB39EE}.Debug|Any CPU.ActiveCfg = Debug|Any CPU
		{6CC0301A-50FE-4951-808E-5AF11AAB39EE}.Debug|Any CPU.Build.0 = Debug|Any CPU
		{6CC0301A-50FE-4951-808E-5AF11AAB39EE}.Release|Any CPU.ActiveCfg = Release|Any CPU
		{6CC0301A-50FE-4951-808E-5AF11AAB39EE}.Release|Any CPU.Build.0 = Release|Any CPU
		{40AEBDE4-7EB6-47B9-B900-7D34C3BD16E1}.Debug|Any CPU.ActiveCfg = Debug|Any CPU
		{40AEBDE4-7EB6-47B9-B900-7D34C3BD16E1}.Debug|Any CPU.Build.0 = Debug|Any CPU
		{40AEBDE4-7EB6-47B9-B900-7D34C3BD16E1}.Release|Any CPU.ActiveCfg = Release|Any CPU
		{40AEBDE4-7EB6-47B9-B900-7D34C3BD16E1}.Release|Any CPU.Build.0 = Release|Any CPU
		{7B46BD4C-6423-4DD4-913E-DF384DAACB5D}.Debug|Any CPU.ActiveCfg = Debug|Any CPU
		{7B46BD4C-6423-4DD4-913E-DF384DAACB5D}.Debug|Any CPU.Build.0 = Debug|Any CPU
		{7B46BD4C-6423-4DD4-913E-DF384DAACB5D}.Release|Any CPU.ActiveCfg = Release|Any CPU
		{7B46BD4C-6423-4DD4-913E-DF384DAACB5D}.Release|Any CPU.Build.0 = Release|Any CPU
		{318FB0A6-E65B-4349-AEE4-D1D2EA872407}.Debug|Any CPU.ActiveCfg = Debug|Any CPU
		{318FB0A6-E65B-4349-AEE4-D1D2EA872407}.Debug|Any CPU.Build.0 = Debug|Any CPU
		{318FB0A6-E65B-4349-AEE4-D1D2EA872407}.Release|Any CPU.ActiveCfg = Release|Any CPU
		{318FB0A6-E65B-4349-AEE4-D1D2EA872407}.Release|Any CPU.Build.0 = Release|Any CPU
		{D805E8C9-39A3-43DF-AA31-D949B05BD5BD}.Debug|Any CPU.ActiveCfg = Debug|Any CPU
		{D805E8C9-39A3-43DF-AA31-D949B05BD5BD}.Debug|Any CPU.Build.0 = Debug|Any CPU
		{D805E8C9-39A3-43DF-AA31-D949B05BD5BD}.Release|Any CPU.ActiveCfg = Release|Any CPU
		{D805E8C9-39A3-43DF-AA31-D949B05BD5BD}.Release|Any CPU.Build.0 = Release|Any CPU
		{EBF9A39D-F838-4E41-AF50-FD1B0463D7DF}.Debug|Any CPU.ActiveCfg = Debug|Any CPU
		{EBF9A39D-F838-4E41-AF50-FD1B0463D7DF}.Debug|Any CPU.Build.0 = Debug|Any CPU
		{EBF9A39D-F838-4E41-AF50-FD1B0463D7DF}.Release|Any CPU.ActiveCfg = Release|Any CPU
		{EBF9A39D-F838-4E41-AF50-FD1B0463D7DF}.Release|Any CPU.Build.0 = Release|Any CPU
		{FBFC9A29-B6B8-4F23-BF23-A10FC42228CD}.Debug|Any CPU.ActiveCfg = Debug|Any CPU
		{FBFC9A29-B6B8-4F23-BF23-A10FC42228CD}.Debug|Any CPU.Build.0 = Debug|Any CPU
		{FBFC9A29-B6B8-4F23-BF23-A10FC42228CD}.Release|Any CPU.ActiveCfg = Release|Any CPU
		{FBFC9A29-B6B8-4F23-BF23-A10FC42228CD}.Release|Any CPU.Build.0 = Release|Any CPU
		{2A586A2F-FE81-48A6-957A-1C5BA30E9158}.Debug|Any CPU.ActiveCfg = Debug|Any CPU
		{2A586A2F-FE81-48A6-957A-1C5BA30E9158}.Debug|Any CPU.Build.0 = Debug|Any CPU
		{2A586A2F-FE81-48A6-957A-1C5BA30E9158}.Release|Any CPU.ActiveCfg = Release|Any CPU
		{2A586A2F-FE81-48A6-957A-1C5BA30E9158}.Release|Any CPU.Build.0 = Release|Any CPU
		{FAB4930E-09E2-4EF5-A2C8-1069C64A073C}.Debug|Any CPU.ActiveCfg = Debug|Any CPU
		{FAB4930E-09E2-4EF5-A2C8-1069C64A073C}.Debug|Any CPU.Build.0 = Debug|Any CPU
		{FAB4930E-09E2-4EF5-A2C8-1069C64A073C}.Release|Any CPU.ActiveCfg = Release|Any CPU
		{FAB4930E-09E2-4EF5-A2C8-1069C64A073C}.Release|Any CPU.Build.0 = Release|Any CPU
		{144BA77F-461B-4470-8B08-942DE37D15B0}.Debug|Any CPU.ActiveCfg = Debug|Any CPU
		{144BA77F-461B-4470-8B08-942DE37D15B0}.Debug|Any CPU.Build.0 = Debug|Any CPU
		{144BA77F-461B-4470-8B08-942DE37D15B0}.Release|Any CPU.ActiveCfg = Release|Any CPU
		{144BA77F-461B-4470-8B08-942DE37D15B0}.Release|Any CPU.Build.0 = Release|Any CPU
		{D25F8D92-39CF-4C8E-8239-18D5F41B9A1B}.Debug|Any CPU.ActiveCfg = Debug|Any CPU
		{D25F8D92-39CF-4C8E-8239-18D5F41B9A1B}.Debug|Any CPU.Build.0 = Debug|Any CPU
		{D25F8D92-39CF-4C8E-8239-18D5F41B9A1B}.Release|Any CPU.ActiveCfg = Release|Any CPU
		{D25F8D92-39CF-4C8E-8239-18D5F41B9A1B}.Release|Any CPU.Build.0 = Release|Any CPU
	EndGlobalSection
EndGlobal
